
Microsoft Visual Studio Solution File, Format Version 12.00
# Visual Studio Version 16
VisualStudioVersion = 16.0.31019.35
MinimumVisualStudioVersion = 10.0.40219.1
Project("{FAE04EC0-301F-11D3-BF4B-00C04F79EFBC}") = "RestaurantRaterMVC", "RestaurantRaterMVC\RestaurantRaterMVC.csproj", "{9EBF46CA-CA42-4129-AA0D-8E50F2F4F41D}"
EndProject
Global
	GlobalSection(SolutionConfigurationPlatforms) = preSolution
		Debug|Any CPU = Debug|Any CPU
		Release|Any CPU = Release|Any CPU
	EndGlobalSection
	GlobalSection(ProjectConfigurationPlatforms) = postSolution
		{9EBF46CA-CA42-4129-AA0D-8E50F2F4F41D}.Debug|Any CPU.ActiveCfg = Debug|Any CPU
		{9EBF46CA-CA42-4129-AA0D-8E50F2F4F41D}.Debug|Any CPU.Build.0 = Debug|Any CPU
		{9EBF46CA-CA42-4129-AA0D-8E50F2F4F41D}.Release|Any CPU.ActiveCfg = Release|Any CPU
		{9EBF46CA-CA42-4129-AA0D-8E50F2F4F41D}.Release|Any CPU.Build.0 = Release|Any CPU
	EndGlobalSection
	GlobalSection(SolutionProperties) = preSolution
		HideSolutionNode = FALSE
	EndGlobalSection
	GlobalSection(ExtensibilityGlobals) = postSolution
		SolutionGuid = {6ABB9380-C133-4054-98DA-B7606D4DDA4F}
	EndGlobalSection
EndGlobal
